
Microsoft Visual Studio Solution File, Format Version 12.00
# Visual Studio Version 17
VisualStudioVersion = 17.0.31919.166
MinimumVisualStudioVersion = 10.0.40219.1
Project("{FAE04EC0-301F-11D3-BF4B-00C04F79EFBC}") = "MazePathFinder", "MazePathFinder.csproj", "{07A9B2C0-298B-4F2B-8F7F-C220F460AB48}"
EndProject
Global
	GlobalSection(SolutionConfigurationPlatforms) = preSolution
		Debug|Any CPU = Debug|Any CPU
		Release|Any CPU = Release|Any CPU
	EndGlobalSection
	GlobalSection(ProjectConfigurationPlatforms) = postSolution
		{07A9B2C0-298B-4F2B-8F7F-C220F460AB48}.Debug|Any CPU.ActiveCfg = Debug|Any CPU
		{07A9B2C0-298B-4F2B-8F7F-C220F460AB48}.Debug|Any CPU.Build.0 = Debug|Any CPU
		{07A9B2C0-298B-4F2B-8F7F-C220F460AB48}.Release|Any CPU.ActiveCfg = Release|Any CPU
		{07A9B2C0-298B-4F2B-8F7F-C220F460AB48}.Release|Any CPU.Build.0 = Release|Any CPU
	EndGlobalSection
	GlobalSection(SolutionProperties) = preSolution
		HideSolutionNode = FALSE
	EndGlobalSection
	GlobalSection(ExtensibilityGlobals) = postSolution
		SolutionGuid = {50CCE68A-D793-4FA7-A1A7-3670BC19D2F8}
	EndGlobalSection
EndGlobal
